
Microsoft Visual Studio Solution File, Format Version 12.00
# Visual Studio Version 16
VisualStudioVersion = 16.0.30804.86
MinimumVisualStudioVersion = 10.0.40219.1
Project("{9A19103F-16F7-4668-BE54-9A1E7A4F7556}") = "KampIntro", "KampIntro\KampIntro.csproj", "{AFB5B9D4-B3AE-4256-98CF-711538DB20DE}"
EndProject
Project("{9A19103F-16F7-4668-BE54-9A1E7A4F7556}") = "Donguler", "Donguler\Donguler.csproj", "{B0BE71B2-FC4F-42D6-A0F0-C03478FDD374}"
EndProject
Project("{9A19103F-16F7-4668-BE54-9A1E7A4F7556}") = "ClassIntro", "ClassIntro\ClassIntro.csproj", "{E337246F-F0E3-41A5-940C-E64A5935899B}"
EndProject
Project("{FAE04EC0-301F-11D3-BF4B-00C04F79EFBC}") = "Metotlar", "Metotlar\Metotlar.csproj", "{D7B4335C-BE39-4C2D-803B-E4F438DB1C2E}"
EndProject
Project("{FAE04EC0-301F-11D3-BF4B-00C04F79EFBC}") = "Matematik", "Matematik\Matematik.csproj", "{76CD0E7B-D528-4F89-A850-9BE0D5A5CA37}"
EndProject
Project("{FAE04EC0-301F-11D3-BF4B-00C04F79EFBC}") = "DegerveReferansTipler", "DegerveReferansTipler\DegerveReferansTipler.csproj", "{D14D5BF8-7B8F-41DE-A9BE-3C0213769EF8}"
EndProject
Global
	GlobalSection(SolutionConfigurationPlatforms) = preSolution
		Debug|Any CPU = Debug|Any CPU
		Release|Any CPU = Release|Any CPU
	EndGlobalSection
	GlobalSection(ProjectConfigurationPlatforms) = postSolution
		{AFB5B9D4-B3AE-4256-98CF-711538DB20DE}.Debug|Any CPU.ActiveCfg = Debug|Any CPU
		{AFB5B9D4-B3AE-4256-98CF-711538DB20DE}.Debug|Any CPU.Build.0 = Debug|Any CPU
		{AFB5B9D4-B3AE-4256-98CF-711538DB20DE}.Release|Any CPU.ActiveCfg = Release|Any CPU
		{AFB5B9D4-B3AE-4256-98CF-711538DB20DE}.Release|Any CPU.Build.0 = Release|Any CPU
		{B0BE71B2-FC4F-42D6-A0F0-C03478FDD374}.Debug|Any CPU.ActiveCfg = Debug|Any CPU
		{B0BE71B2-FC4F-42D6-A0F0-C03478FDD374}.Debug|Any CPU.Build.0 = Debug|Any CPU
		{B0BE71B2-FC4F-42D6-A0F0-C03478FDD374}.Release|Any CPU.ActiveCfg = Release|Any CPU
		{B0BE71B2-FC4F-42D6-A0F0-C03478FDD374}.Release|Any CPU.Build.0 = Release|Any CPU
		{E337246F-F0E3-41A5-940C-E64A5935899B}.Debug|Any CPU.ActiveCfg = Debug|Any CPU
		{E337246F-F0E3-41A5-940C-E64A5935899B}.Debug|Any CPU.Build.0 = Debug|Any CPU
		{E337246F-F0E3-41A5-940C-E64A5935899B}.Release|Any CPU.ActiveCfg = Release|Any CPU
		{E337246F-F0E3-41A5-940C-E64A5935899B}.Release|Any CPU.Build.0 = Release|Any CPU
		{D7B4335C-BE39-4C2D-803B-E4F438DB1C2E}.Debug|Any CPU.ActiveCfg = Debug|Any CPU
		{D7B4335C-BE39-4C2D-803B-E4F438DB1C2E}.Debug|Any CPU.Build.0 = Debug|Any CPU
		{D7B4335C-BE39-4C2D-803B-E4F438DB1C2E}.Release|Any CPU.ActiveCfg = Release|Any CPU
		{D7B4335C-BE39-4C2D-803B-E4F438DB1C2E}.Release|Any CPU.Build.0 = Release|Any CPU
		{76CD0E7B-D528-4F89-A850-9BE0D5A5CA37}.Debug|Any CPU.ActiveCfg = Debug|Any CPU
		{76CD0E7B-D528-4F89-A850-9BE0D5A5CA37}.Debug|Any CPU.Build.0 = Debug|Any CPU
		{76CD0E7B-D528-4F89-A850-9BE0D5A5CA37}.Release|Any CPU.ActiveCfg = Release|Any CPU
		{76CD0E7B-D528-4F89-A850-9BE0D5A5CA37}.Release|Any CPU.Build.0 = Release|Any CPU
		{D14D5BF8-7B8F-41DE-A9BE-3C0213769EF8}.Debug|Any CPU.ActiveCfg = Debug|Any CPU
		{D14D5BF8-7B8F-41DE-A9BE-3C0213769EF8}.Debug|Any CPU.Build.0 = Debug|Any CPU
		{D14D5BF8-7B8F-41DE-A9BE-3C0213769EF8}.Release|Any CPU.ActiveCfg = Release|Any CPU
		{D14D5BF8-7B8F-41DE-A9BE-3C0213769EF8}.Release|Any CPU.Build.0 = Release|Any CPU
	EndGlobalSection
	GlobalSection(SolutionProperties) = preSolution
		HideSolutionNode = FALSE
	EndGlobalSection
	GlobalSection(ExtensibilityGlobals) = postSolution
		SolutionGuid = {BB9FF3BA-D2E2-4F7D-92D0-9B00A61D706B}
	EndGlobalSection
EndGlobal
